{
    "doctrine/sql-formatter": {
        "version": "1.0.1"
    },
    "php": {
        "version": "7.1"
    },
    "symfony/apache-pack": {
        "version": "1.0",
        "recipe": {
            "repo": "github.com/symfony/recipes-contrib",
            "branch": "master",
            "version": "1.0",
            "ref": "71599f5b0fdeeeec0fb90e9b17c85e6f5e1350c1"
        },
        "files": [
            "public/.htaccess"
        ]
    }
}
